
Microsoft Visual Studio Solution File, Format Version 12.00
# Visual Studio Version 16
VisualStudioVersion = 16.0.31729.503
MinimumVisualStudioVersion = 10.0.40219.1
Project("{FAE04EC0-301F-11D3-BF4B-00C04F79EFBC}") = "MCD_SanalMetotKullanimi", "MCD_SanalMetotKullanimi\MCD_SanalMetotKullanimi.csproj", "{9A3E38DE-1CFB-4301-9E3D-46004186FD85}"
EndProject
Global
	GlobalSection(SolutionConfigurationPlatforms) = preSolution
		Debug|Any CPU = Debug|Any CPU
		Release|Any CPU = Release|Any CPU
	EndGlobalSection
	GlobalSection(ProjectConfigurationPlatforms) = postSolution
		{9A3E38DE-1CFB-4301-9E3D-46004186FD85}.Debug|Any CPU.ActiveCfg = Debug|Any CPU
		{9A3E38DE-1CFB-4301-9E3D-46004186FD85}.Debug|Any CPU.Build.0 = Debug|Any CPU
		{9A3E38DE-1CFB-4301-9E3D-46004186FD85}.Release|Any CPU.ActiveCfg = Release|Any CPU
		{9A3E38DE-1CFB-4301-9E3D-46004186FD85}.Release|Any CPU.Build.0 = Release|Any CPU
	EndGlobalSection
	GlobalSection(SolutionProperties) = preSolution
		HideSolutionNode = FALSE
	EndGlobalSection
	GlobalSection(ExtensibilityGlobals) = postSolution
		SolutionGuid = {3BDF9C02-BA40-4302-9394-3457D0514995}
	EndGlobalSection
EndGlobal
